
Microsoft Visual Studio Solution File, Format Version 12.00
# Visual Studio Version 17
VisualStudioVersion = 17.11.35327.3
MinimumVisualStudioVersion = 10.0.40219.1
Project("{9A19103F-16F7-4668-BE54-9A1E7A4F7556}") = "Istebrek-CV-Webb-FE", "Istebrek-CV-Webb-FE.csproj", "{D03B258C-9DAA-4392-BEA2-E64D62DDB791}"
EndProject
Global
	GlobalSection(SolutionConfigurationPlatforms) = preSolution
		Debug|Any CPU = Debug|Any CPU
		Release|Any CPU = Release|Any CPU
	EndGlobalSection
	GlobalSection(ProjectConfigurationPlatforms) = postSolution
		{D03B258C-9DAA-4392-BEA2-E64D62DDB791}.Debug|Any CPU.ActiveCfg = Debug|Any CPU
		{D03B258C-9DAA-4392-BEA2-E64D62DDB791}.Debug|Any CPU.Build.0 = Debug|Any CPU
		{D03B258C-9DAA-4392-BEA2-E64D62DDB791}.Release|Any CPU.ActiveCfg = Release|Any CPU
		{D03B258C-9DAA-4392-BEA2-E64D62DDB791}.Release|Any CPU.Build.0 = Release|Any CPU
	EndGlobalSection
	GlobalSection(SolutionProperties) = preSolution
		HideSolutionNode = FALSE
	EndGlobalSection
	GlobalSection(ExtensibilityGlobals) = postSolution
		SolutionGuid = {E7E31385-847E-4843-890C-AAB165527CF8}
	EndGlobalSection
EndGlobal
